
Microsoft Visual Studio Solution File, Format Version 12.00
# Visual Studio 15
VisualStudioVersion = 15.0.28307.1022
MinimumVisualStudioVersion = 10.0.40219.1
Project("{FAE04EC0-301F-11D3-BF4B-00C04F79EFBC}") = "DAN_L_Dejan_Prodanovic", "DAN_L_Dejan_Prodanovic\DAN_L_Dejan_Prodanovic.csproj", "{62CF0EFA-E68B-4C2E-A305-CE4EBCF6383A}"
EndProject
Global
	GlobalSection(SolutionConfigurationPlatforms) = preSolution
		Debug|Any CPU = Debug|Any CPU
		Release|Any CPU = Release|Any CPU
	EndGlobalSection
	GlobalSection(ProjectConfigurationPlatforms) = postSolution
		{62CF0EFA-E68B-4C2E-A305-CE4EBCF6383A}.Debug|Any CPU.ActiveCfg = Debug|Any CPU
		{62CF0EFA-E68B-4C2E-A305-CE4EBCF6383A}.Debug|Any CPU.Build.0 = Debug|Any CPU
		{62CF0EFA-E68B-4C2E-A305-CE4EBCF6383A}.Release|Any CPU.ActiveCfg = Release|Any CPU
		{62CF0EFA-E68B-4C2E-A305-CE4EBCF6383A}.Release|Any CPU.Build.0 = Release|Any CPU
	EndGlobalSection
	GlobalSection(SolutionProperties) = preSolution
		HideSolutionNode = FALSE
	EndGlobalSection
	GlobalSection(ExtensibilityGlobals) = postSolution
		SolutionGuid = {5AB39125-560A-4D6D-8197-F9F90ECDFBCE}
	EndGlobalSection
EndGlobal
